
Microsoft Visual Studio Solution File, Format Version 12.00
# Visual Studio 15
VisualStudioVersion = 15.0.28010.2016
MinimumVisualStudioVersion = 10.0.40219.1
Project("{FAE04EC0-301F-11D3-BF4B-00C04F79EFBC}") = "LoraInternOnline", "LoraInternOnlin\LoraInternOnline.csproj", "{78239C6E-41A0-42C0-B0DD-9EAE4C9592E5}"
EndProject
Global
	GlobalSection(SolutionConfigurationPlatforms) = preSolution
		Debug|Any CPU = Debug|Any CPU
		Release|Any CPU = Release|Any CPU
	EndGlobalSection
	GlobalSection(ProjectConfigurationPlatforms) = postSolution
		{78239C6E-41A0-42C0-B0DD-9EAE4C9592E5}.Debug|Any CPU.ActiveCfg = Debug|Any CPU
		{78239C6E-41A0-42C0-B0DD-9EAE4C9592E5}.Debug|Any CPU.Build.0 = Debug|Any CPU
		{78239C6E-41A0-42C0-B0DD-9EAE4C9592E5}.Release|Any CPU.ActiveCfg = Release|Any CPU
		{78239C6E-41A0-42C0-B0DD-9EAE4C9592E5}.Release|Any CPU.Build.0 = Release|Any CPU
	EndGlobalSection
	GlobalSection(SolutionProperties) = preSolution
		HideSolutionNode = FALSE
	EndGlobalSection
	GlobalSection(ExtensibilityGlobals) = postSolution
		SolutionGuid = {923997E9-A8C9-4FE0-9816-1D94B72AE5FD}
	EndGlobalSection
EndGlobal
